
Microsoft Visual Studio Solution File, Format Version 12.00
# Visual Studio 14
VisualStudioVersion = 14.0.25420.1
MinimumVisualStudioVersion = 10.0.40219.1
Project("{FAE04EC0-301F-11D3-BF4B-00C04F79EFBC}") = "CTPTradeApi", "CTPTradeApi\CTPTradeApi.csproj", "{61365BF3-4D1A-46B6-BF83-CDC4E00FC82A}"
EndProject
Project("{8BC9CEB8-8B4A-11D0-8D11-00A0C91BC942}") = "TradeApi", "TradeApi\TradeApi.vcxproj", "{AFB5E3C7-E842-4CB5-8B5F-8D1063242BA2}"
EndProject
Project("{FAE04EC0-301F-11D3-BF4B-00C04F79EFBC}") = "CTPTradeAdapter", "CTPTradeAdapter\CTPTradeAdapter.csproj", "{165A57E8-F8A5-4519-A587-C7D4A73D9258}"
EndProject
Project("{FAE04EC0-301F-11D3-BF4B-00C04F79EFBC}") = "CTPMarketApi", "CTPMarketApi\CTPMarketApi.csproj", "{4AF5D751-19D1-4A9D-B439-A021928EC486}"
EndProject
Project("{FAE04EC0-301F-11D3-BF4B-00C04F79EFBC}") = "CTPMarketAdapter", "CTPMarketAdapter\CTPMarketAdapter.csproj", "{A7090927-6F3D-4283-8CAD-95E19713B94A}"
EndProject
Project("{8BC9CEB8-8B4A-11D0-8D11-00A0C91BC942}") = "MdApi", "MdApi\MdApi.vcxproj", "{ABCEF567-FFCA-4B12-B1A3-0A0E5EB9487A}"
EndProject
Project("{8BC9CEB8-8B4A-11D0-8D11-00A0C91BC942}") = "MdApi64", "MdApi64\MdApi64.vcxproj", "{C5C4BFD8-EBFF-4229-B2AE-197E8FEADB7B}"
EndProject
Project("{8BC9CEB8-8B4A-11D0-8D11-00A0C91BC942}") = "TradeApi64", "TradeApi64\TradeApi64.vcxproj", "{09133014-362E-418A-B39D-862FA5E0122C}"
EndProject
Project("{FAE04EC0-301F-11D3-BF4B-00C04F79EFBC}") = "CTPCore", "CTPCore\CTPCore.csproj", "{CB7E978D-69B6-458A-9AEC-40490647DDD3}"
EndProject
Global
	GlobalSection(SolutionConfigurationPlatforms) = preSolution
		Debug|Any CPU = Debug|Any CPU
		Debug|x64 = Debug|x64
		Debug|x86 = Debug|x86
		Release|Any CPU = Release|Any CPU
		Release|x64 = Release|x64
		Release|x86 = Release|x86
	EndGlobalSection
	GlobalSection(ProjectConfigurationPlatforms) = postSolution
		{61365BF3-4D1A-46B6-BF83-CDC4E00FC82A}.Debug|Any CPU.ActiveCfg = Debug|Any CPU
		{61365BF3-4D1A-46B6-BF83-CDC4E00FC82A}.Debug|Any CPU.Build.0 = Debug|Any CPU
		{61365BF3-4D1A-46B6-BF83-CDC4E00FC82A}.Debug|x64.ActiveCfg = Debug|Any CPU
		{61365BF3-4D1A-46B6-BF83-CDC4E00FC82A}.Debug|x64.Build.0 = Debug|Any CPU
		{61365BF3-4D1A-46B6-BF83-CDC4E00FC82A}.Debug|x86.ActiveCfg = Debug|Any CPU
		{61365BF3-4D1A-46B6-BF83-CDC4E00FC82A}.Debug|x86.Build.0 = Debug|Any CPU
		{61365BF3-4D1A-46B6-BF83-CDC4E00FC82A}.Release|Any CPU.ActiveCfg = Release|Any CPU
		{61365BF3-4D1A-46B6-BF83-CDC4E00FC82A}.Release|Any CPU.Build.0 = Release|Any CPU
		{61365BF3-4D1A-46B6-BF83-CDC4E00FC82A}.Release|x64.ActiveCfg = Release|Any CPU
		{61365BF3-4D1A-46B6-BF83-CDC4E00FC82A}.Release|x64.Build.0 = Release|Any CPU
		{61365BF3-4D1A-46B6-BF83-CDC4E00FC82A}.Release|x86.ActiveCfg = Release|Any CPU
		{61365BF3-4D1A-46B6-BF83-CDC4E00FC82A}.Release|x86.Build.0 = Release|Any CPU
		{AFB5E3C7-E842-4CB5-8B5F-8D1063242BA2}.Debug|Any CPU.ActiveCfg = Debug|Win32
		{AFB5E3C7-E842-4CB5-8B5F-8D1063242BA2}.Debug|x64.ActiveCfg = Debug|Win32
		{AFB5E3C7-E842-4CB5-8B5F-8D1063242BA2}.Debug|x86.ActiveCfg = Debug|Win32
		{AFB5E3C7-E842-4CB5-8B5F-8D1063242BA2}.Debug|x86.Build.0 = Debug|Win32
		{AFB5E3C7-E842-4CB5-8B5F-8D1063242BA2}.Release|Any CPU.ActiveCfg = Release|Win32
		{AFB5E3C7-E842-4CB5-8B5F-8D1063242BA2}.Release|x64.ActiveCfg = Release|Win32
		{AFB5E3C7-E842-4CB5-8B5F-8D1063242BA2}.Release|x86.ActiveCfg = Release|Win32
		{AFB5E3C7-E842-4CB5-8B5F-8D1063242BA2}.Release|x86.Build.0 = Release|Win32
		{165A57E8-F8A5-4519-A587-C7D4A73D9258}.Debug|Any CPU.ActiveCfg = Debug|Any CPU
		{165A57E8-F8A5-4519-A587-C7D4A73D9258}.Debug|Any CPU.Build.0 = Debug|Any CPU
		{165A57E8-F8A5-4519-A587-C7D4A73D9258}.Debug|x64.ActiveCfg = Debug|Any CPU
		{165A57E8-F8A5-4519-A587-C7D4A73D9258}.Debug|x64.Build.0 = Debug|Any CPU
		{165A57E8-F8A5-4519-A587-C7D4A73D9258}.Debug|x86.ActiveCfg = Debug|Any CPU
		{165A57E8-F8A5-4519-A587-C7D4A73D9258}.Debug|x86.Build.0 = Debug|Any CPU
		{165A57E8-F8A5-4519-A587-C7D4A73D9258}.Release|Any CPU.ActiveCfg = Release|Any CPU
		{165A57E8-F8A5-4519-A587-C7D4A73D9258}.Release|Any CPU.Build.0 = Release|Any CPU
		{165A57E8-F8A5-4519-A587-C7D4A73D9258}.Release|x64.ActiveCfg = Release|Any CPU
		{165A57E8-F8A5-4519-A587-C7D4A73D9258}.Release|x64.Build.0 = Release|Any CPU
		{165A57E8-F8A5-4519-A587-C7D4A73D9258}.Release|x86.ActiveCfg = Release|Any CPU
		{165A57E8-F8A5-4519-A587-C7D4A73D9258}.Release|x86.Build.0 = Release|Any CPU
		{4AF5D751-19D1-4A9D-B439-A021928EC486}.Debug|Any CPU.ActiveCfg = Debug|Any CPU
		{4AF5D751-19D1-4A9D-B439-A021928EC486}.Debug|Any CPU.Build.0 = Debug|Any CPU
		{4AF5D751-19D1-4A9D-B439-A021928EC486}.Debug|x64.ActiveCfg = Debug|Any CPU
		{4AF5D751-19D1-4A9D-B439-A021928EC486}.Debug|x64.Build.0 = Debug|Any CPU
		{4AF5D751-19D1-4A9D-B439-A021928EC486}.Debug|x86.ActiveCfg = Debug|Any CPU
		{4AF5D751-19D1-4A9D-B439-A021928EC486}.Debug|x86.Build.0 = Debug|Any CPU
		{4AF5D751-19D1-4A9D-B439-A021928EC486}.Release|Any CPU.ActiveCfg = Release|Any CPU
		{4AF5D751-19D1-4A9D-B439-A021928EC486}.Release|Any CPU.Build.0 = Release|Any CPU
		{4AF5D751-19D1-4A9D-B439-A021928EC486}.Release|x64.ActiveCfg = Release|Any CPU
		{4AF5D751-19D1-4A9D-B439-A021928EC486}.Release|x64.Build.0 = Release|Any CPU
		{4AF5D751-19D1-4A9D-B439-A021928EC486}.Release|x86.ActiveCfg = Release|Any CPU
		{4AF5D751-19D1-4A9D-B439-A021928EC486}.Release|x86.Build.0 = Release|Any CPU
		{A7090927-6F3D-4283-8CAD-95E19713B94A}.Debug|Any CPU.ActiveCfg = Debug|Any CPU
		{A7090927-6F3D-4283-8CAD-95E19713B94A}.Debug|Any CPU.Build.0 = Debug|Any CPU
		{A7090927-6F3D-4283-8CAD-95E19713B94A}.Debug|x64.ActiveCfg = Debug|Any CPU
		{A7090927-6F3D-4283-8CAD-95E19713B94A}.Debug|x64.Build.0 = Debug|Any CPU
		{A7090927-6F3D-4283-8CAD-95E19713B94A}.Debug|x86.ActiveCfg = Debug|Any CPU
		{A7090927-6F3D-4283-8CAD-95E19713B94A}.Debug|x86.Build.0 = Debug|Any CPU
		{A7090927-6F3D-4283-8CAD-95E19713B94A}.Release|Any CPU.ActiveCfg = Release|Any CPU
		{A7090927-6F3D-4283-8CAD-95E19713B94A}.Release|Any CPU.Build.0 = Release|Any CPU
		{A7090927-6F3D-4283-8CAD-95E19713B94A}.Release|x64.ActiveCfg = Release|Any CPU
		{A7090927-6F3D-4283-8CAD-95E19713B94A}.Release|x64.Build.0 = Release|Any CPU
		{A7090927-6F3D-4283-8CAD-95E19713B94A}.Release|x86.ActiveCfg = Release|Any CPU
		{A7090927-6F3D-4283-8CAD-95E19713B94A}.Release|x86.Build.0 = Release|Any CPU
		{ABCEF567-FFCA-4B12-B1A3-0A0E5EB9487A}.Debug|Any CPU.ActiveCfg = Debug|Win32
		{ABCEF567-FFCA-4B12-B1A3-0A0E5EB9487A}.Debug|x64.ActiveCfg = Debug|Win32
		{ABCEF567-FFCA-4B12-B1A3-0A0E5EB9487A}.Debug|x86.ActiveCfg = Debug|Win32
		{ABCEF567-FFCA-4B12-B1A3-0A0E5EB9487A}.Debug|x86.Build.0 = Debug|Win32
		{ABCEF567-FFCA-4B12-B1A3-0A0E5EB9487A}.Release|Any CPU.ActiveCfg = Release|Win32
		{ABCEF567-FFCA-4B12-B1A3-0A0E5EB9487A}.Release|x64.ActiveCfg = Release|Win32
		{ABCEF567-FFCA-4B12-B1A3-0A0E5EB9487A}.Release|x86.ActiveCfg = Release|Win32
		{ABCEF567-FFCA-4B12-B1A3-0A0E5EB9487A}.Release|x86.Build.0 = Release|Win32
		{C5C4BFD8-EBFF-4229-B2AE-197E8FEADB7B}.Debug|Any CPU.ActiveCfg = Debug|x64
		{C5C4BFD8-EBFF-4229-B2AE-197E8FEADB7B}.Debug|x64.ActiveCfg = Debug|x64
		{C5C4BFD8-EBFF-4229-B2AE-197E8FEADB7B}.Debug|x64.Build.0 = Debug|x64
		{C5C4BFD8-EBFF-4229-B2AE-197E8FEADB7B}.Debug|x86.ActiveCfg = Debug|x64
		{C5C4BFD8-EBFF-4229-B2AE-197E8FEADB7B}.Release|Any CPU.ActiveCfg = Release|x64
		{C5C4BFD8-EBFF-4229-B2AE-197E8FEADB7B}.Release|x64.ActiveCfg = Release|x64
		{C5C4BFD8-EBFF-4229-B2AE-197E8FEADB7B}.Release|x64.Build.0 = Release|x64
		{C5C4BFD8-EBFF-4229-B2AE-197E8FEADB7B}.Release|x86.ActiveCfg = Release|x64
		{09133014-362E-418A-B39D-862FA5E0122C}.Debug|Any CPU.ActiveCfg = Debug|x64
		{09133014-362E-418A-B39D-862FA5E0122C}.Debug|x64.ActiveCfg = Debug|x64
		{09133014-362E-418A-B39D-862FA5E0122C}.Debug|x64.Build.0 = Debug|x64
		{09133014-362E-418A-B39D-862FA5E0122C}.Debug|x86.ActiveCfg = Debug|x64
		{09133014-362E-418A-B39D-862FA5E0122C}.Release|Any CPU.ActiveCfg = Release|x64
		{09133014-362E-418A-B39D-862FA5E0122C}.Release|x64.ActiveCfg = Release|x64
		{09133014-362E-418A-B39D-862FA5E0122C}.Release|x64.Build.0 = Release|x64
		{09133014-362E-418A-B39D-862FA5E0122C}.Release|x86.ActiveCfg = Release|x64
		{CB7E978D-69B6-458A-9AEC-40490647DDD3}.Debug|Any CPU.ActiveCfg = Debug|Any CPU
		{CB7E978D-69B6-458A-9AEC-40490647DDD3}.Debug|Any CPU.Build.0 = Debug|Any CPU
		{CB7E978D-69B6-458A-9AEC-40490647DDD3}.Debug|x64.ActiveCfg = Debug|Any CPU
		{CB7E978D-69B6-458A-9AEC-40490647DDD3}.Debug|x64.Build.0 = Debug|Any CPU
		{CB7E978D-69B6-458A-9AEC-40490647DDD3}.Debug|x86.ActiveCfg = Debug|Any CPU
		{CB7E978D-69B6-458A-9AEC-40490647DDD3}.Debug|x86.Build.0 = Debug|Any CPU
		{CB7E978D-69B6-458A-9AEC-40490647DDD3}.Release|Any CPU.ActiveCfg = Release|Any CPU
		{CB7E978D-69B6-458A-9AEC-40490647DDD3}.Release|Any CPU.Build.0 = Release|Any CPU
		{CB7E978D-69B6-458A-9AEC-40490647DDD3}.Release|x64.ActiveCfg = Release|Any CPU
		{CB7E978D-69B6-458A-9AEC-40490647DDD3}.Release|x64.Build.0 = Release|Any CPU
		{CB7E978D-69B6-458A-9AEC-40490647DDD3}.Release|x86.ActiveCfg = Release|Any CPU
		{CB7E978D-69B6-458A-9AEC-40490647DDD3}.Release|x86.Build.0 = Release|Any CPU
	EndGlobalSection
	GlobalSection(SolutionProperties) = preSolution
		HideSolutionNode = FALSE
	EndGlobalSection
EndGlobal
